
Microsoft Visual Studio Solution File, Format Version 12.00
# Visual Studio Version 17
VisualStudioVersion = 17.3.32929.385
MinimumVisualStudioVersion = 10.0.40219.1
Project("{9A19103F-16F7-4668-BE54-9A1E7A4F7556}") = "MultiPlayerGame", "MultiPlayerGameServer\MultiPlayerGame.csproj", "{84F73E7C-10EA-4323-8938-CEE9D900CA22}"
EndProject
Project("{9A19103F-16F7-4668-BE54-9A1E7A4F7556}") = "Network", "Network\Network.csproj", "{FA789285-D505-49A5-9AC8-F88B11DA978E}"
EndProject
Project("{9A19103F-16F7-4668-BE54-9A1E7A4F7556}") = "Logger", "Logger.Interface\Logger.csproj", "{15697F3F-843D-4D0E-BF59-9661BC779B48}"
EndProject
Project("{2150E333-8FDC-42A3-9474-1A3956D46DE8}") = "Solution Items", "Solution Items", "{EBDDF720-CF89-423E-A07C-40FF1E6E42BF}"
	ProjectSection(SolutionItems) = preProject
		.editorconfig = .editorconfig
	EndProjectSection
EndProject
Global
	GlobalSection(SolutionConfigurationPlatforms) = preSolution
		Debug|Any CPU = Debug|Any CPU
		Release|Any CPU = Release|Any CPU
	EndGlobalSection
	GlobalSection(ProjectConfigurationPlatforms) = postSolution
		{84F73E7C-10EA-4323-8938-CEE9D900CA22}.Debug|Any CPU.ActiveCfg = Debug|Any CPU
		{84F73E7C-10EA-4323-8938-CEE9D900CA22}.Debug|Any CPU.Build.0 = Debug|Any CPU
		{84F73E7C-10EA-4323-8938-CEE9D900CA22}.Release|Any CPU.ActiveCfg = Release|Any CPU
		{84F73E7C-10EA-4323-8938-CEE9D900CA22}.Release|Any CPU.Build.0 = Release|Any CPU
		{FA789285-D505-49A5-9AC8-F88B11DA978E}.Debug|Any CPU.ActiveCfg = Debug|Any CPU
		{FA789285-D505-49A5-9AC8-F88B11DA978E}.Debug|Any CPU.Build.0 = Debug|Any CPU
		{FA789285-D505-49A5-9AC8-F88B11DA978E}.Release|Any CPU.ActiveCfg = Release|Any CPU
		{FA789285-D505-49A5-9AC8-F88B11DA978E}.Release|Any CPU.Build.0 = Release|Any CPU
		{15697F3F-843D-4D0E-BF59-9661BC779B48}.Debug|Any CPU.ActiveCfg = Debug|Any CPU
		{15697F3F-843D-4D0E-BF59-9661BC779B48}.Debug|Any CPU.Build.0 = Debug|Any CPU
		{15697F3F-843D-4D0E-BF59-9661BC779B48}.Release|Any CPU.ActiveCfg = Release|Any CPU
		{15697F3F-843D-4D0E-BF59-9661BC779B48}.Release|Any CPU.Build.0 = Release|Any CPU
	EndGlobalSection
	GlobalSection(SolutionProperties) = preSolution
		HideSolutionNode = FALSE
	EndGlobalSection
	GlobalSection(ExtensibilityGlobals) = postSolution
		SolutionGuid = {16F65748-F668-4FC7-8F4B-F49FB789C01D}
	EndGlobalSection
EndGlobal
